
Microsoft Visual Studio Solution File, Format Version 12.00
# Visual Studio Version 17
VisualStudioVersion = 17.13.35825.156 d17.13
MinimumVisualStudioVersion = 10.0.40219.1
Project("{FAE04EC0-301F-11D3-BF4B-00C04F79EFBC}") = "TemperatureService", "TemperatureService.csproj", "{551B03E3-653D-4708-808C-4D7A6D888560}"
EndProject
Global
	GlobalSection(SolutionConfigurationPlatforms) = preSolution
		Debug|Any CPU = Debug|Any CPU
		Release|Any CPU = Release|Any CPU
	EndGlobalSection
	GlobalSection(ProjectConfigurationPlatforms) = postSolution
		{551B03E3-653D-4708-808C-4D7A6D888560}.Debug|Any CPU.ActiveCfg = Debug|Any CPU
		{551B03E3-653D-4708-808C-4D7A6D888560}.Debug|Any CPU.Build.0 = Debug|Any CPU
		{551B03E3-653D-4708-808C-4D7A6D888560}.Release|Any CPU.ActiveCfg = Release|Any CPU
		{551B03E3-653D-4708-808C-4D7A6D888560}.Release|Any CPU.Build.0 = Release|Any CPU
	EndGlobalSection
	GlobalSection(SolutionProperties) = preSolution
		HideSolutionNode = FALSE
	EndGlobalSection
	GlobalSection(ExtensibilityGlobals) = postSolution
		SolutionGuid = {5D96F6F3-DF4B-4BF4-A5DC-54F230E4293E}
	EndGlobalSection
EndGlobal
